// !$*UTF8*$!
{
	archiveVersion = 1;
	classes = {
	};
	objectVersion = 56;
	objects = {

/* Begin PBXBuildFile section */
		47AF36D22A1F264900998158 /* MainScreenWithLocation.png in Resources */ = {isa = PBXBuildFile; fileRef = 47AF36D12A1F264900998158 /* MainScreenWithLocation.png */; };
		47AF36D42A1F265200998158 /* MainScreen.png in Resources */ = {isa = PBXBuildFile; fileRef = 47AF36D32A1F265200998158 /* MainScreen.png */; };
		47D19E0429FC7291008023CD /* LocationFinderApp.swift in Sources */ = {isa = PBXBuildFile; fileRef = 47D19E0329FC7291008023CD /* LocationFinderApp.swift */; };
		47D19E0629FC7291008023CD /* ContentView.swift in Sources */ = {isa = PBXBuildFile; fileRef = 47D19E0529FC7291008023CD /* ContentView.swift */; };
		47D19E0829FC7293008023CD /* Assets.xcassets in Resources */ = {isa = PBXBuildFile; fileRef = 47D19E0729FC7293008023CD /* Assets.xcassets */; };
		47D19E0B29FC7293008023CD /* Preview Assets.xcassets in Resources */ = {isa = PBXBuildFile; fileRef = 47D19E0A29FC7293008023CD /* Preview Assets.xcassets */; };
		47D19E1329FC7325008023CD /* Location.swift in Sources */ = {isa = PBXBuildFile; fileRef = 47D19E1229FC7325008023CD /* Location.swift */; };
		47D19E1529FC796D008023CD /* Countries.json in Resources */ = {isa = PBXBuildFile; fileRef = 47D19E1429FC796D008023CD /* Countries.json */; };
		47D19E1729FC7BA8008023CD /* Country.swift in Sources */ = {isa = PBXBuildFile; fileRef = 47D19E1629FC7BA8008023CD /* Country.swift */; };
		47D19E1A29FC7D29008023CD /* LocationService.swift in Sources */ = {isa = PBXBuildFile; fileRef = 47D19E1929FC7D29008023CD /* LocationService.swift */; };
		47D19E1C29FD9FD5008023CD /* LocationInfo.swift in Sources */ = {isa = PBXBuildFile; fileRef = 47D19E1B29FD9FD5008023CD /* LocationInfo.swift */; };
		47D19E1F29FDAEB4008023CD /* MapView.swift in Sources */ = {isa = PBXBuildFile; fileRef = 47D19E1E29FDAEB4008023CD /* MapView.swift */; };
/* End PBXBuildFile section */

/* Begin PBXFileReference section */
		47AF36D12A1F264900998158 /* MainScreenWithLocation.png */ = {isa = PBXFileReference; lastKnownFileType = image.png; path = MainScreenWithLocation.png; sourceTree = "<group>"; };
		47AF36D32A1F265200998158 /* MainScreen.png */ = {isa = PBXFileReference; lastKnownFileType = image.png; path = MainScreen.png; sourceTree = "<group>"; };
		47D19E0029FC7291008023CD /* LocationFinder.app */ = {isa = PBXFileReference; explicitFileType = wrapper.application; includeInIndex = 0; path = LocationFinder.app; sourceTree = BUILT_PRODUCTS_DIR; };
		47D19E0329FC7291008023CD /* LocationFinderApp.swift */ = {isa = PBXFileReference; lastKnownFileType = sourcecode.swift; path = LocationFinderApp.swift; sourceTree = "<group>"; };
		47D19E0529FC7291008023CD /* ContentView.swift */ = {isa = PBXFileReference; lastKnownFileType = sourcecode.swift; path = ContentView.swift; sourceTree = "<group>"; };
		47D19E0729FC7293008023CD /* Assets.xcassets */ = {isa = PBXFileReference; lastKnownFileType = folder.assetcatalog; path = Assets.xcassets; sourceTree = "<group>"; };
		47D19E0A29FC7293008023CD /* Preview Assets.xcassets */ = {isa = PBXFileReference; lastKnownFileType = folder.assetcatalog; path = "Preview Assets.xcassets"; sourceTree = "<group>"; };
		47D19E1229FC7325008023CD /* Location.swift */ = {isa = PBXFileReference; lastKnownFileType = sourcecode.swift; path = Location.swift; sourceTree = "<group>"; };
		47D19E1429FC796D008023CD /* Countries.json */ = {isa = PBXFileReference; lastKnownFileType = text.json; path = Countries.json; sourceTree = "<group>"; };
		47D19E1629FC7BA8008023CD /* Country.swift */ = {isa = PBXFileReference; lastKnownFileType = sourcecode.swift; path = Country.swift; sourceTree = "<group>"; };
		47D19E1929FC7D29008023CD /* LocationService.swift */ = {isa = PBXFileReference; lastKnownFileType = sourcecode.swift; path = LocationService.swift; sourceTree = "<group>"; };
		47D19E1B29FD9FD5008023CD /* LocationInfo.swift */ = {isa = PBXFileReference; lastKnownFileType = sourcecode.swift; path = LocationInfo.swift; sourceTree = "<group>"; };
		47D19E1E29FDAEB4008023CD /* MapView.swift */ = {isa = PBXFileReference; lastKnownFileType = sourcecode.swift; path = MapView.swift; sourceTree = "<group>"; };
/* End PBXFileReference section */

/* Begin PBXFrameworksBuildPhase section */
		47D19DFD29FC7291008023CD /* Frameworks */ = {
			isa = PBXFrameworksBuildPhase;
			buildActionMask = 2147483647;
			files = (
			);
			runOnlyForDeploymentPostprocessing = 0;
		};
/* End PBXFrameworksBuildPhase section */

/* Begin PBXGroup section */
		47AF36D02A1F261A00998158 /* Screenshots */ = {
			isa = PBXGroup;
			children = (
				47AF36D12A1F264900998158 /* MainScreenWithLocation.png */,
				47AF36D32A1F265200998158 /* MainScreen.png */,
			);
			path = Screenshots;
			sourceTree = "<group>";
		};
		47D19DF729FC7291008023CD = {
			isa = PBXGroup;
			children = (
				47D19E0229FC7291008023CD /* LocationFinder */,
				47D19E0129FC7291008023CD /* Products */,
			);
			sourceTree = "<group>";
		};
		47D19E0129FC7291008023CD /* Products */ = {
			isa = PBXGroup;
			children = (
				47D19E0029FC7291008023CD /* LocationFinder.app */,
			);
			name = Products;
			sourceTree = "<group>";
		};
		47D19E0229FC7291008023CD /* LocationFinder */ = {
			isa = PBXGroup;
			children = (
				47AF36D02A1F261A00998158 /* Screenshots */,
				47D19E1D29FDAEA0008023CD /* View */,
				47D19E1829FC7D0F008023CD /* Services */,
				47D19E1129FC731B008023CD /* Models */,
				47D19E0329FC7291008023CD /* LocationFinderApp.swift */,
				47D19E1429FC796D008023CD /* Countries.json */,
				47D19E0729FC7293008023CD /* Assets.xcassets */,
				47D19E0929FC7293008023CD /* Preview Content */,
			);
			path = LocationFinder;
			sourceTree = "<group>";
		};
		47D19E0929FC7293008023CD /* Preview Content */ = {
			isa = PBXGroup;
			children = (
				47D19E0A29FC7293008023CD /* Preview Assets.xcassets */,
			);
			path = "Preview Content";
			sourceTree = "<group>";
		};
		47D19E1129FC731B008023CD /* Models */ = {
			isa = PBXGroup;
			children = (
				47D19E1229FC7325008023CD /* Location.swift */,
				47D19E1629FC7BA8008023CD /* Country.swift */,
				47D19E1B29FD9FD5008023CD /* LocationInfo.swift */,
			);
			path = Models;
			sourceTree = "<group>";
		};
		47D19E1829FC7D0F008023CD /* Services */ = {
			isa = PBXGroup;
			children = (
				47D19E1929FC7D29008023CD /* LocationService.swift */,
			);
			path = Services;
			sourceTree = "<group>";
		};
		47D19E1D29FDAEA0008023CD /* View */ = {
			isa = PBXGroup;
			children = (
				47D19E0529FC7291008023CD /* ContentView.swift */,
				47D19E1E29FDAEB4008023CD /* MapView.swift */,
			);
			path = View;
			sourceTree = "<group>";
		};
/* End PBXGroup section */

/* Begin PBXNativeTarget section */
		47D19DFF29FC7291008023CD /* LocationFinder */ = {
			isa = PBXNativeTarget;
			buildConfigurationList = 47D19E0E29FC7293008023CD /* Build configuration list for PBXNativeTarget "LocationFinder" */;
			buildPhases = (
				47D19DFC29FC7291008023CD /* Sources */,
				47D19DFD29FC7291008023CD /* Frameworks */,
				47D19DFE29FC7291008023CD /* Resources */,
			);
			buildRules = (
			);
			dependencies = (
			);
			name = LocationFinder;
			productName = LocationFinder;
			productReference = 47D19E0029FC7291008023CD /* LocationFinder.app */;
			productType = "com.apple.product-type.application";
		};
/* End PBXNativeTarget section */

/* Begin PBXProject section */
		47D19DF829FC7291008023CD /* Project object */ = {
			isa = PBXProject;
			attributes = {
				BuildIndependentTargetsInParallel = 1;
				LastSwiftUpdateCheck = 1420;
				LastUpgradeCheck = 1420;
				TargetAttributes = {
					47D19DFF29FC7291008023CD = {
						CreatedOnToolsVersion = 14.2;
					};
				};
			};
			buildConfigurationList = 47D19DFB29FC7291008023CD /* Build configuration list for PBXProject "LocationFinder" */;
			compatibilityVersion = "Xcode 14.0";
			developmentRegion = en;
			hasScannedForEncodings = 0;
			knownRegions = (
				en,
				Base,
			);
			mainGroup = 47D19DF729FC7291008023CD;
			productRefGroup = 47D19E0129FC7291008023CD /* Products */;
			projectDirPath = "";
			projectRoot = "";
			targets = (
				47D19DFF29FC7291008023CD /* LocationFinder */,
			);
		};
/* End PBXProject section */

/* Begin PBXResourcesBuildPhase section */
		47D19DFE29FC7291008023CD /* Resources */ = {
			isa = PBXResourcesBuildPhase;
			buildActionMask = 2147483647;
			files = (
				47AF36D42A1F265200998158 /* MainScreen.png in Resources */,
				47D19E0B29FC7293008023CD /* Preview Assets.xcassets in Resources */,
				47AF36D22A1F264900998158 /* MainScreenWithLocation.png in Resources */,
				47D19E1529FC796D008023CD /* Countries.json in Resources */,
				47D19E0829FC7293008023CD /* Assets.xcassets in Resources */,
			);
			runOnlyForDeploymentPostprocessing = 0;
		};
/* End PBXResourcesBuildPhase section */

/* Begin PBXSourcesBuildPhase section */
		47D19DFC29FC7291008023CD /* Sources */ = {
			isa = PBXSourcesBuildPhase;
			buildActionMask = 2147483647;
			files = (
				47D19E1F29FDAEB4008023CD /* MapView.swift in Sources */,
				47D19E1C29FD9FD5008023CD /* LocationInfo.swift in Sources */,
				47D19E1729FC7BA8008023CD /* Country.swift in Sources */,
				47D19E0629FC7291008023CD /* ContentView.swift in Sources */,
				47D19E1A29FC7D29008023CD /* LocationService.swift in Sources */,
				47D19E1329FC7325008023CD /* Location.swift in Sources */,
				47D19E0429FC7291008023CD /* LocationFinderApp.swift in Sources */,
			);
			runOnlyForDeploymentPostprocessing = 0;
		};
/* End PBXSourcesBuildPhase section */

/* Begin XCBuildConfiguration section */
		47D19E0C29FC7293008023CD /* Debug */ = {
			isa = XCBuildConfiguration;
			buildSettings = {
				ALWAYS_SEARCH_USER_PATHS = NO;
				CLANG_ANALYZER_NONNULL = YES;
				CLANG_ANALYZER_NUMBER_OBJECT_CONVERSION = YES_AGGRESSIVE;
				CLANG_CXX_LANGUAGE_STANDARD = "gnu++20";
				CLANG_ENABLE_MODULES = YES;
				CLANG_ENABLE_OBJC_ARC = YES;
				CLANG_ENABLE_OBJC_WEAK = YES;
				CLANG_WARN_BLOCK_CAPTURE_AUTORELEASING = YES;
				CLANG_WARN_BOOL_CONVERSION = YES;
				CLANG_WARN_COMMA = YES;
				CLANG_WARN_CONSTANT_CONVERSION = YES;
				CLANG_WARN_DEPRECATED_OBJC_IMPLEMENTATIONS = YES;
				CLANG_WARN_DIRECT_OBJC_ISA_USAGE = YES_ERROR;
				CLANG_WARN_DOCUMENTATION_COMMENTS = YES;
				CLANG_WARN_EMPTY_BODY = YES;
				CLANG_WARN_ENUM_CONVERSION = YES;
				CLANG_WARN_INFINITE_RECURSION = YES;
				CLANG_WARN_INT_CONVERSION = YES;
				CLANG_WARN_NON_LITERAL_NULL_CONVERSION = YES;
				CLANG_WARN_OBJC_IMPLICIT_RETAIN_SELF = YES;
				CLANG_WARN_OBJC_LITERAL_CONVERSION = YES;
				CLANG_WARN_OBJC_ROOT_CLASS = YES_ERROR;
				CLANG_WARN_QUOTED_INCLUDE_IN_FRAMEWORK_HEADER = YES;
				CLANG_WARN_RANGE_LOOP_ANALYSIS = YES;
				CLANG_WARN_STRICT_PROTOTYPES = YES;
				CLANG_WARN_SUSPICIOUS_MOVE = YES;
				CLANG_WARN_UNGUARDED_AVAILABILITY = YES_AGGRESSIVE;
				CLANG_WARN_UNREACHABLE_CODE = YES;
				CLANG_WARN__DUPLICATE_METHOD_MATCH = YES;
				COPY_PHASE_STRIP = NO;
				DEBUG_INFORMATION_FORMAT = dwarf;
				ENABLE_STRICT_OBJC_MSGSEND = YES;
				ENABLE_TESTABILITY = YES;
				GCC_C_LANGUAGE_STANDARD = gnu11;
				GCC_DYNAMIC_NO_PIC = NO;
				GCC_NO_COMMON_BLOCKS = YES;
				GCC_OPTIMIZATION_LEVEL = 0;
				GCC_PREPROCESSOR_DEFINITIONS = (
					"DEBUG=1",
					"$(inherited)",
				);
				GCC_WARN_64_TO_32_BIT_CONVERSION = YES;
				GCC_WARN_ABOUT_RETURN_TYPE = YES_ERROR;
				GCC_WARN_UNDECLARED_SELECTOR = YES;
				GCC_WARN_UNINITIALIZED_AUTOS = YES_AGGRESSIVE;
				GCC_WARN_UNUSED_FUNCTION = YES;
				GCC_WARN_UNUSED_VARIABLE = YES;
				IPHONEOS_DEPLOYMENT_TARGET = 16.2;
				MTL_ENABLE_DEBUG_INFO = INCLUDE_SOURCE;
				MTL_FAST_MATH = YES;
				ONLY_ACTIVE_ARCH = YES;
				SDKROOT = iphoneos;
				SWIFT_ACTIVE_COMPILATION_CONDITIONS = DEBUG;
				SWIFT_OPTIMIZATION_LEVEL = "-Onone";
			};
			name = Debug;
		};
		47D19E0D29FC7293008023CD /* Release */ = {
			isa = XCBuildConfiguration;
			buildSettings = {
				ALWAYS_SEARCH_USER_PATHS = NO;
				CLANG_ANALYZER_NONNULL = YES;
				CLANG_ANALYZER_NUMBER_OBJECT_CONVERSION = YES_AGGRESSIVE;
				CLANG_CXX_LANGUAGE_STANDARD = "gnu++20";
				CLANG_ENABLE_MODULES = YES;
				CLANG_ENABLE_OBJC_ARC = YES;
				CLANG_ENABLE_OBJC_WEAK = YES;
				CLANG_WARN_BLOCK_CAPTURE_AUTORELEASING = YES;
				CLANG_WARN_BOOL_CONVERSION = YES;
				CLANG_WARN_COMMA = YES;
				CLANG_WARN_CONSTANT_CONVERSION = YES;
				CLANG_WARN_DEPRECATED_OBJC_IMPLEMENTATIONS = YES;
				CLANG_WARN_DIRECT_OBJC_ISA_USAGE = YES_ERROR;
				CLANG_WARN_DOCUMENTATION_COMMENTS = YES;
				CLANG_WARN_EMPTY_BODY = YES;
				CLANG_WARN_ENUM_CONVERSION = YES;
				CLANG_WARN_INFINITE_RECURSION = YES;
				CLANG_WARN_INT_CONVERSION = YES;
				CLANG_WARN_NON_LITERAL_NULL_CONVERSION = YES;
				CLANG_WARN_OBJC_IMPLICIT_RETAIN_SELF = YES;
				CLANG_WARN_OBJC_LITERAL_CONVERSION = YES;
				CLANG_WARN_OBJC_ROOT_CLASS = YES_ERROR;
				CLANG_WARN_QUOTED_INCLUDE_IN_FRAMEWORK_HEADER = YES;
				CLANG_WARN_RANGE_LOOP_ANALYSIS = YES;
				CLANG_WARN_STRICT_PROTOTYPES = YES;
				CLANG_WARN_SUSPICIOUS_MOVE = YES;
				CLANG_WARN_UNGUARDED_AVAILABILITY = YES_AGGRESSIVE;
				CLANG_WARN_UNREACHABLE_CODE = YES;
				CLANG_WARN__DUPLICATE_METHOD_MATCH = YES;
				COPY_PHASE_STRIP = NO;
				DEBUG_INFORMATION_FORMAT = "dwarf-with-dsym";
				ENABLE_NS_ASSERTIONS = NO;
				ENABLE_STRICT_OBJC_MSGSEND = YES;
				GCC_C_LANGUAGE_STANDARD = gnu11;
				GCC_NO_COMMON_BLOCKS = YES;
				GCC_WARN_64_TO_32_BIT_CONVERSION = YES;
				GCC_WARN_ABOUT_RETURN_TYPE = YES_ERROR;
				GCC_WARN_UNDECLARED_SELECTOR = YES;
				GCC_WARN_UNINITIALIZED_AUTOS = YES_AGGRESSIVE;
				GCC_WARN_UNUSED_FUNCTION = YES;
				GCC_WARN_UNUSED_VARIABLE = YES;
				IPHONEOS_DEPLOYMENT_TARGET = 16.2;
				MTL_ENABLE_DEBUG_INFO = NO;
				MTL_FAST_MATH = YES;
				SDKROOT = iphoneos;
				SWIFT_COMPILATION_MODE = wholemodule;
				SWIFT_OPTIMIZATION_LEVEL = "-O";
				VALIDATE_PRODUCT = YES;
			};
			name = Release;
		};
		47D19E0F29FC7293008023CD /* Debug */ = {
			isa = XCBuildConfiguration;
			buildSettings = {
				ASSETCATALOG_COMPILER_APPICON_NAME = AppIcon;
				ASSETCATALOG_COMPILER_GLOBAL_ACCENT_COLOR_NAME = AccentColor;
				CODE_SIGN_STYLE = Automatic;
				CURRENT_PROJECT_VERSION = 1;
				DEVELOPMENT_ASSET_PATHS = "\"LocationFinder/Preview Content\"";
				ENABLE_PREVIEWS = YES;
				GENERATE_INFOPLIST_FILE = YES;
				INFOPLIST_KEY_UIApplicationSceneManifest_Generation = YES;
				INFOPLIST_KEY_UIApplicationSupportsIndirectInputEvents = YES;
				INFOPLIST_KEY_UILaunchScreen_Generation = YES;
				INFOPLIST_KEY_UISupportedInterfaceOrientations_iPad = "UIInterfaceOrientationPortrait UIInterfaceOrientationPortraitUpsideDown UIInterfaceOrientationLandscapeLeft UIInterfaceOrientationLandscapeRight";
				INFOPLIST_KEY_UISupportedInterfaceOrientations_iPhone = "UIInterfaceOrientationPortrait UIInterfaceOrientationLandscapeLeft UIInterfaceOrientationLandscapeRight";
				LD_RUNPATH_SEARCH_PATHS = (
					"$(inherited)",
					"@executable_path/Frameworks",
				);
				MARKETING_VERSION = 1.0;
				PRODUCT_BUNDLE_IDENTIFIER = LVS.LocationFinder;
				PRODUCT_NAME = "$(TARGET_NAME)";
				SWIFT_EMIT_LOC_STRINGS = YES;
				SWIFT_VERSION = 5.0;
				TARGETED_DEVICE_FAMILY = "1,2";
			};
			name = Debug;
		};
		47D19E1029FC7293008023CD /* Release */ = {
			isa = XCBuildConfiguration;
			buildSettings = {
				ASSETCATALOG_COMPILER_APPICON_NAME = AppIcon;
				ASSETCATALOG_COMPILER_GLOBAL_ACCENT_COLOR_NAME = AccentColor;
				CODE_SIGN_STYLE = Automatic;
				CURRENT_PROJECT_VERSION = 1;
				DEVELOPMENT_ASSET_PATHS = "\"LocationFinder/Preview Content\"";
				ENABLE_PREVIEWS = YES;
				GENERATE_INFOPLIST_FILE = YES;
				INFOPLIST_KEY_UIApplicationSceneManifest_Generation = YES;
				INFOPLIST_KEY_UIApplicationSupportsIndirectInputEvents = YES;
				INFOPLIST_KEY_UILaunchScreen_Generation = YES;
				INFOPLIST_KEY_UISupportedInterfaceOrientations_iPad = "UIInterfaceOrientationPortrait UIInterfaceOrientationPortraitUpsideDown UIInterfaceOrientationLandscapeLeft UIInterfaceOrientationLandscapeRight";
				INFOPLIST_KEY_UISupportedInterfaceOrientations_iPhone = "UIInterfaceOrientationPortrait UIInterfaceOrientationLandscapeLeft UIInterfaceOrientationLandscapeRight";
				LD_RUNPATH_SEARCH_PATHS = (
					"$(inherited)",
					"@executable_path/Frameworks",
				);
				MARKETING_VERSION = 1.0;
				PRODUCT_BUNDLE_IDENTIFIER = LVS.LocationFinder;
				PRODUCT_NAME = "$(TARGET_NAME)";
				SWIFT_EMIT_LOC_STRINGS = YES;
				SWIFT_VERSION = 5.0;
				TARGETED_DEVICE_FAMILY = "1,2";
			};
			name = Release;
		};
/* End XCBuildConfiguration section */

/* Begin XCConfigurationList section */
		47D19DFB29FC7291008023CD /* Build configuration list for PBXProject "LocationFinder" */ = {
			isa = XCConfigurationList;
			buildConfigurations = (
				47D19E0C29FC7293008023CD /* Debug */,
				47D19E0D29FC7293008023CD /* Release */,
			);
			defaultConfigurationIsVisible = 0;
			defaultConfigurationName = Release;
		};
		47D19E0E29FC7293008023CD /* Build configuration list for PBXNativeTarget "LocationFinder" */ = {
			isa = XCConfigurationList;
			buildConfigurations = (
				47D19E0F29FC7293008023CD /* Debug */,
				47D19E1029FC7293008023CD /* Release */,
			);
			defaultConfigurationIsVisible = 0;
			defaultConfigurationName = Release;
		};
/* End XCConfigurationList section */
	};
	rootObject = 47D19DF829FC7291008023CD /* Project object */;
}
